
Microsoft Visual Studio Solution File, Format Version 12.00
# Visual Studio Version 17
VisualStudioVersion = 17.14.36301.6
MinimumVisualStudioVersion = 10.0.40219.1
Project("{2150E333-8FDC-42A3-9474-1A3956D46DE8}") = "test", "test", "{57B27279-8ED5-401E-B51F-ED8C04DFDADD}"
EndProject
Project("{2150E333-8FDC-42A3-9474-1A3956D46DE8}") = "Doc", "Doc", "{48E9186D-5607-44CD-801B-2713D9FBDAFA}"
EndProject
Project("{2150E333-8FDC-42A3-9474-1A3956D46DE8}") = "Src", "Src", "{02EA681E-C7D8-13C7-8484-4AC65E1B71E8}"
EndProject
Project("{2150E333-8FDC-42A3-9474-1A3956D46DE8}") = "Common", "Common", "{8DAA6FED-7B20-40CD-9393-79BCE24FF970}"
EndProject
Project("{2150E333-8FDC-42A3-9474-1A3956D46DE8}") = "Core", "Core", "{48961E95-DFEC-4014-BE9C-62FE61EF0C96}"
EndProject
Project("{2150E333-8FDC-42A3-9474-1A3956D46DE8}") = "Infrastructure", "Infrastructure", "{5F8A547D-7129-486B-A391-E73259C47C55}"
EndProject
Project("{2150E333-8FDC-42A3-9474-1A3956D46DE8}") = "Presentation", "Presentation", "{EAE8F6B9-3BD0-4F36-B2F2-0AE54A71FFBC}"
EndProject
Project("{FAE04EC0-301F-11D3-BF4B-00C04F79EFBC}") = "Bugeto_Store.Common", "Bugeto_Store.Common\Bugeto_Store.Common.csproj", "{96DC694D-94DB-4489-B821-0A06754231FD}"
EndProject
Project("{FAE04EC0-301F-11D3-BF4B-00C04F79EFBC}") = "Bugeto_Store.Domain", "Bugeto_Store.Domain\Bugeto_Store.Domain.csproj", "{FE908F46-330F-4A2E-BAFF-E6D384793DE6}"
EndProject
Project("{FAE04EC0-301F-11D3-BF4B-00C04F79EFBC}") = "Bugeto_Store.Application", "Bugeto_Store.Application\Bugeto_Store.Application.csproj", "{11F13B31-3DBD-49D2-830F-CC7E6229EC42}"
EndProject
Project("{FAE04EC0-301F-11D3-BF4B-00C04F79EFBC}") = "Bugeto_Store.Infrastructure", "Bugeto_Store.Infrastructure\Bugeto_Store.Infrastructure.csproj", "{76F54E60-C7DC-46D5-9777-0AF40D068C01}"
EndProject
Project("{FAE04EC0-301F-11D3-BF4B-00C04F79EFBC}") = "Bugeto_Store.Presistence", "Bugeto_Store.Presentation\Bugeto_Store.Presistence.csproj", "{F8B38493-A1EF-483B-B40B-8BF23813B399}"
EndProject
Project("{FAE04EC0-301F-11D3-BF4B-00C04F79EFBC}") = "EndPoint.Site", "EndPoint.Site\EndPoint.Site.csproj", "{AB2453C7-FB44-4F65-94F3-3493D6C52384}"
EndProject
Global
	GlobalSection(SolutionConfigurationPlatforms) = preSolution
		Debug|Any CPU = Debug|Any CPU
		Release|Any CPU = Release|Any CPU
	EndGlobalSection
	GlobalSection(ProjectConfigurationPlatforms) = postSolution
		{96DC694D-94DB-4489-B821-0A06754231FD}.Debug|Any CPU.ActiveCfg = Debug|Any CPU
		{96DC694D-94DB-4489-B821-0A06754231FD}.Debug|Any CPU.Build.0 = Debug|Any CPU
		{96DC694D-94DB-4489-B821-0A06754231FD}.Release|Any CPU.ActiveCfg = Release|Any CPU
		{96DC694D-94DB-4489-B821-0A06754231FD}.Release|Any CPU.Build.0 = Release|Any CPU
		{FE908F46-330F-4A2E-BAFF-E6D384793DE6}.Debug|Any CPU.ActiveCfg = Debug|Any CPU
		{FE908F46-330F-4A2E-BAFF-E6D384793DE6}.Debug|Any CPU.Build.0 = Debug|Any CPU
		{FE908F46-330F-4A2E-BAFF-E6D384793DE6}.Release|Any CPU.ActiveCfg = Release|Any CPU
		{FE908F46-330F-4A2E-BAFF-E6D384793DE6}.Release|Any CPU.Build.0 = Release|Any CPU
		{11F13B31-3DBD-49D2-830F-CC7E6229EC42}.Debug|Any CPU.ActiveCfg = Debug|Any CPU
		{11F13B31-3DBD-49D2-830F-CC7E6229EC42}.Debug|Any CPU.Build.0 = Debug|Any CPU
		{11F13B31-3DBD-49D2-830F-CC7E6229EC42}.Release|Any CPU.ActiveCfg = Release|Any CPU
		{11F13B31-3DBD-49D2-830F-CC7E6229EC42}.Release|Any CPU.Build.0 = Release|Any CPU
		{76F54E60-C7DC-46D5-9777-0AF40D068C01}.Debug|Any CPU.ActiveCfg = Debug|Any CPU
		{76F54E60-C7DC-46D5-9777-0AF40D068C01}.Debug|Any CPU.Build.0 = Debug|Any CPU
		{76F54E60-C7DC-46D5-9777-0AF40D068C01}.Release|Any CPU.ActiveCfg = Release|Any CPU
		{76F54E60-C7DC-46D5-9777-0AF40D068C01}.Release|Any CPU.Build.0 = Release|Any CPU
		{F8B38493-A1EF-483B-B40B-8BF23813B399}.Debug|Any CPU.ActiveCfg = Debug|Any CPU
		{F8B38493-A1EF-483B-B40B-8BF23813B399}.Debug|Any CPU.Build.0 = Debug|Any CPU
		{F8B38493-A1EF-483B-B40B-8BF23813B399}.Release|Any CPU.ActiveCfg = Release|Any CPU
		{F8B38493-A1EF-483B-B40B-8BF23813B399}.Release|Any CPU.Build.0 = Release|Any CPU
		{AB2453C7-FB44-4F65-94F3-3493D6C52384}.Debug|Any CPU.ActiveCfg = Debug|Any CPU
		{AB2453C7-FB44-4F65-94F3-3493D6C52384}.Debug|Any CPU.Build.0 = Debug|Any CPU
		{AB2453C7-FB44-4F65-94F3-3493D6C52384}.Release|Any CPU.ActiveCfg = Release|Any CPU
		{AB2453C7-FB44-4F65-94F3-3493D6C52384}.Release|Any CPU.Build.0 = Release|Any CPU
	EndGlobalSection
	GlobalSection(SolutionProperties) = preSolution
		HideSolutionNode = FALSE
	EndGlobalSection
	GlobalSection(NestedProjects) = preSolution
		{8DAA6FED-7B20-40CD-9393-79BCE24FF970} = {02EA681E-C7D8-13C7-8484-4AC65E1B71E8}
		{48961E95-DFEC-4014-BE9C-62FE61EF0C96} = {02EA681E-C7D8-13C7-8484-4AC65E1B71E8}
		{5F8A547D-7129-486B-A391-E73259C47C55} = {02EA681E-C7D8-13C7-8484-4AC65E1B71E8}
		{EAE8F6B9-3BD0-4F36-B2F2-0AE54A71FFBC} = {02EA681E-C7D8-13C7-8484-4AC65E1B71E8}
		{96DC694D-94DB-4489-B821-0A06754231FD} = {8DAA6FED-7B20-40CD-9393-79BCE24FF970}
		{FE908F46-330F-4A2E-BAFF-E6D384793DE6} = {48961E95-DFEC-4014-BE9C-62FE61EF0C96}
		{11F13B31-3DBD-49D2-830F-CC7E6229EC42} = {48961E95-DFEC-4014-BE9C-62FE61EF0C96}
		{76F54E60-C7DC-46D5-9777-0AF40D068C01} = {5F8A547D-7129-486B-A391-E73259C47C55}
		{F8B38493-A1EF-483B-B40B-8BF23813B399} = {5F8A547D-7129-486B-A391-E73259C47C55}
		{AB2453C7-FB44-4F65-94F3-3493D6C52384} = {EAE8F6B9-3BD0-4F36-B2F2-0AE54A71FFBC}
	EndGlobalSection
	GlobalSection(ExtensibilityGlobals) = postSolution
		SolutionGuid = {9B77CAFC-28B0-47B4-9C43-471A26FA490B}
	EndGlobalSection
EndGlobal
